
Microsoft Visual Studio Solution File, Format Version 12.00
# Visual Studio Version 16
VisualStudioVersion = 16.0.31605.320
MinimumVisualStudioVersion = 10.0.40219.1
Project("{FAE04EC0-301F-11D3-BF4B-00C04F79EFBC}") = "FacturaAPI", "FacturaAPI\FacturaAPI.csproj", "{14224B5C-CC95-4F27-983A-36ABDFD8C78D}"
EndProject
Global
	GlobalSection(SolutionConfigurationPlatforms) = preSolution
		Debug|Any CPU = Debug|Any CPU
		Release|Any CPU = Release|Any CPU
	EndGlobalSection
	GlobalSection(ProjectConfigurationPlatforms) = postSolution
		{14224B5C-CC95-4F27-983A-36ABDFD8C78D}.Debug|Any CPU.ActiveCfg = Debug|Any CPU
		{14224B5C-CC95-4F27-983A-36ABDFD8C78D}.Debug|Any CPU.Build.0 = Debug|Any CPU
		{14224B5C-CC95-4F27-983A-36ABDFD8C78D}.Release|Any CPU.ActiveCfg = Release|Any CPU
		{14224B5C-CC95-4F27-983A-36ABDFD8C78D}.Release|Any CPU.Build.0 = Release|Any CPU
	EndGlobalSection
	GlobalSection(SolutionProperties) = preSolution
		HideSolutionNode = FALSE
	EndGlobalSection
	GlobalSection(ExtensibilityGlobals) = postSolution
		SolutionGuid = {CEB49E2B-82A1-48F9-874F-3ACDB9AB877B}
	EndGlobalSection
EndGlobal
